// !$*UTF8*$!
{
	archiveVersion = 1;
	classes = {
	};
	objectVersion = 46;
	objects = {

/* Begin PBXBuildFile section */
		84B6B2A5D05B6C326F7A545C /* libPods.a in Frameworks */ = {isa = PBXBuildFile; fileRef = 11CEA696185053CEF054CA87 /* libPods.a */; };
		E71689D119F388ED008091A9 /* AppDelegate.swift in Sources */ = {isa = PBXBuildFile; fileRef = E71689D019F388ED008091A9 /* AppDelegate.swift */; };
		E71689D419F388ED008091A9 /* RecommendIt.xcdatamodeld in Sources */ = {isa = PBXBuildFile; fileRef = E71689D219F388ED008091A9 /* RecommendIt.xcdatamodeld */; };
		E71689D919F388ED008091A9 /* Main.storyboard in Resources */ = {isa = PBXBuildFile; fileRef = E71689D719F388ED008091A9 /* Main.storyboard */; };
		E71689DB19F388ED008091A9 /* Images.xcassets in Resources */ = {isa = PBXBuildFile; fileRef = E71689DA19F388ED008091A9 /* Images.xcassets */; };
		E71689DE19F388ED008091A9 /* LaunchScreen.xib in Resources */ = {isa = PBXBuildFile; fileRef = E71689DC19F388ED008091A9 /* LaunchScreen.xib */; };
		E71689EA19F388ED008091A9 /* RecommendItTests.swift in Sources */ = {isa = PBXBuildFile; fileRef = E71689E919F388ED008091A9 /* RecommendItTests.swift */; };
		E72E4E841A352E330082C5C5 /* AddNewViewController.swift in Sources */ = {isa = PBXBuildFile; fileRef = E72E4E831A352E330082C5C5 /* AddNewViewController.swift */; };
		E74875AF1A83054400813D9E /* SettingsViewController.swift in Sources */ = {isa = PBXBuildFile; fileRef = E74875AE1A83054400813D9E /* SettingsViewController.swift */; };
		E74992C519F4CACD0076E999 /* SelectLocationViewController.swift in Sources */ = {isa = PBXBuildFile; fileRef = E74992C419F4CACD0076E999 /* SelectLocationViewController.swift */; };
		E74992C719F4DA680076E999 /* EditViewController.swift in Sources */ = {isa = PBXBuildFile; fileRef = E74992C619F4DA680076E999 /* EditViewController.swift */; };
		E751039A1A31542200F230B5 /* Yelp.swift in Sources */ = {isa = PBXBuildFile; fileRef = E75103991A31542200F230B5 /* Yelp.swift */; };
		E751039E1A31752C00F230B5 /* YelpBusinessModel.swift in Sources */ = {isa = PBXBuildFile; fileRef = E751039D1A31752C00F230B5 /* YelpBusinessModel.swift */; };
		E78623221A37A604001EE40D /* StreamCollectionViewController.swift in Sources */ = {isa = PBXBuildFile; fileRef = E78623211A37A604001EE40D /* StreamCollectionViewController.swift */; };
		E7939C0919F392C1000BAD75 /* LocationCell.swift in Sources */ = {isa = PBXBuildFile; fileRef = E7939C0819F392C1000BAD75 /* LocationCell.swift */; };
		E7939C0D19F395AC000BAD75 /* LocationModel.swift in Sources */ = {isa = PBXBuildFile; fileRef = E7939C0C19F395AC000BAD75 /* LocationModel.swift */; };
		E7B0E6371A3A3FE800D28643 /* LocationCell.xib in Resources */ = {isa = PBXBuildFile; fileRef = E7B0E6361A3A3FE800D28643 /* LocationCell.xib */; };
		E7E8A8C41A57992100ACB578 /* CoreLocation.framework in Frameworks */ = {isa = PBXBuildFile; fileRef = E7E8A8C31A57992100ACB578 /* CoreLocation.framework */; };
/* End PBXBuildFile section */

/* Begin PBXContainerItemProxy section */
		E71689E419F388ED008091A9 /* PBXContainerItemProxy */ = {
			isa = PBXContainerItemProxy;
			containerPortal = E71689C319F388ED008091A9 /* Project object */;
			proxyType = 1;
			remoteGlobalIDString = E71689CA19F388ED008091A9;
			remoteInfo = RecommendIt;
		};
/* End PBXContainerItemProxy section */

/* Begin PBXFileReference section */
		11CEA696185053CEF054CA87 /* libPods.a */ = {isa = PBXFileReference; explicitFileType = archive.ar; includeInIndex = 0; path = libPods.a; sourceTree = BUILT_PRODUCTS_DIR; };
		8BD6A88241C10EA0608C3287 /* Pods.debug.xcconfig */ = {isa = PBXFileReference; includeInIndex = 1; lastKnownFileType = text.xcconfig; name = Pods.debug.xcconfig; path = "Pods/Target Support Files/Pods/Pods.debug.xcconfig"; sourceTree = "<group>"; };
		E4FFB717ED5B8A91B7505DC1 /* Pods.release.xcconfig */ = {isa = PBXFileReference; includeInIndex = 1; lastKnownFileType = text.xcconfig; name = Pods.release.xcconfig; path = "Pods/Target Support Files/Pods/Pods.release.xcconfig"; sourceTree = "<group>"; };
		E71689CB19F388ED008091A9 /* RecommendIt.app */ = {isa = PBXFileReference; explicitFileType = wrapper.application; includeInIndex = 0; path = RecommendIt.app; sourceTree = BUILT_PRODUCTS_DIR; };
		E71689CF19F388ED008091A9 /* Info.plist */ = {isa = PBXFileReference; lastKnownFileType = text.plist.xml; path = Info.plist; sourceTree = "<group>"; };
		E71689D019F388ED008091A9 /* AppDelegate.swift */ = {isa = PBXFileReference; lastKnownFileType = sourcecode.swift; path = AppDelegate.swift; sourceTree = "<group>"; };
		E71689D319F388ED008091A9 /* RecommendIt.xcdatamodel */ = {isa = PBXFileReference; lastKnownFileType = wrapper.xcdatamodel; path = RecommendIt.xcdatamodel; sourceTree = "<group>"; };
		E71689D819F388ED008091A9 /* Base */ = {isa = PBXFileReference; lastKnownFileType = file.storyboard; name = Base; path = Base.lproj/Main.storyboard; sourceTree = "<group>"; };
		E71689DA19F388ED008091A9 /* Images.xcassets */ = {isa = PBXFileReference; lastKnownFileType = folder.assetcatalog; path = Images.xcassets; sourceTree = "<group>"; };
		E71689DD19F388ED008091A9 /* Base */ = {isa = PBXFileReference; lastKnownFileType = file.xib; name = Base; path = Base.lproj/LaunchScreen.xib; sourceTree = "<group>"; };
		E71689E319F388ED008091A9 /* RecommendItTests.xctest */ = {isa = PBXFileReference; explicitFileType = wrapper.cfbundle; includeInIndex = 0; path = RecommendItTests.xctest; sourceTree = BUILT_PRODUCTS_DIR; };
		E71689E819F388ED008091A9 /* Info.plist */ = {isa = PBXFileReference; lastKnownFileType = text.plist.xml; path = Info.plist; sourceTree = "<group>"; };
		E71689E919F388ED008091A9 /* RecommendItTests.swift */ = {isa = PBXFileReference; lastKnownFileType = sourcecode.swift; path = RecommendItTests.swift; sourceTree = "<group>"; };
		E72E4E831A352E330082C5C5 /* AddNewViewController.swift */ = {isa = PBXFileReference; fileEncoding = 4; lastKnownFileType = sourcecode.swift; path = AddNewViewController.swift; sourceTree = "<group>"; };
		E74875AE1A83054400813D9E /* SettingsViewController.swift */ = {isa = PBXFileReference; fileEncoding = 4; lastKnownFileType = sourcecode.swift; path = SettingsViewController.swift; sourceTree = "<group>"; };
		E74992C419F4CACD0076E999 /* SelectLocationViewController.swift */ = {isa = PBXFileReference; fileEncoding = 4; lastKnownFileType = sourcecode.swift; path = SelectLocationViewController.swift; sourceTree = "<group>"; };
		E74992C619F4DA680076E999 /* EditViewController.swift */ = {isa = PBXFileReference; fileEncoding = 4; lastKnownFileType = sourcecode.swift; path = EditViewController.swift; sourceTree = "<group>"; };
		E75103961A31539100F230B5 /* RecommendIt-Bridging-Header.h */ = {isa = PBXFileReference; lastKnownFileType = sourcecode.c.h; path = "RecommendIt-Bridging-Header.h"; sourceTree = "<group>"; };
		E75103991A31542200F230B5 /* Yelp.swift */ = {isa = PBXFileReference; fileEncoding = 4; lastKnownFileType = sourcecode.swift; path = Yelp.swift; sourceTree = "<group>"; };
		E751039D1A31752C00F230B5 /* YelpBusinessModel.swift */ = {isa = PBXFileReference; fileEncoding = 4; lastKnownFileType = sourcecode.swift; path = YelpBusinessModel.swift; sourceTree = "<group>"; };
		E78623211A37A604001EE40D /* StreamCollectionViewController.swift */ = {isa = PBXFileReference; fileEncoding = 4; lastKnownFileType = sourcecode.swift; path = StreamCollectionViewController.swift; sourceTree = "<group>"; };
		E7939C0819F392C1000BAD75 /* LocationCell.swift */ = {isa = PBXFileReference; fileEncoding = 4; lastKnownFileType = sourcecode.swift; path = LocationCell.swift; sourceTree = "<group>"; };
		E7939C0C19F395AC000BAD75 /* LocationModel.swift */ = {isa = PBXFileReference; fileEncoding = 4; lastKnownFileType = sourcecode.swift; name = LocationModel.swift; path = RecommendIt/LocationModel.swift; sourceTree = SOURCE_ROOT; };
		E7B0E6361A3A3FE800D28643 /* LocationCell.xib */ = {isa = PBXFileReference; fileEncoding = 4; lastKnownFileType = file.xib; path = LocationCell.xib; sourceTree = "<group>"; };
		E7E8A8C31A57992100ACB578 /* CoreLocation.framework */ = {isa = PBXFileReference; lastKnownFileType = wrapper.framework; name = CoreLocation.framework; path = System/Library/Frameworks/CoreLocation.framework; sourceTree = SDKROOT; };
/* End PBXFileReference section */

/* Begin PBXFrameworksBuildPhase section */
		E71689C819F388ED008091A9 /* Frameworks */ = {
			isa = PBXFrameworksBuildPhase;
			buildActionMask = 2147483647;
			files = (
				E7E8A8C41A57992100ACB578 /* CoreLocation.framework in Frameworks */,
				84B6B2A5D05B6C326F7A545C /* libPods.a in Frameworks */,
			);
			runOnlyForDeploymentPostprocessing = 0;
		};
		E71689E019F388ED008091A9 /* Frameworks */ = {
			isa = PBXFrameworksBuildPhase;
			buildActionMask = 2147483647;
			files = (
			);
			runOnlyForDeploymentPostprocessing = 0;
		};
/* End PBXFrameworksBuildPhase section */

/* Begin PBXGroup section */
		34250CC821A289ECF32BBEB4 /* Pods */ = {
			isa = PBXGroup;
			children = (
				8BD6A88241C10EA0608C3287 /* Pods.debug.xcconfig */,
				E4FFB717ED5B8A91B7505DC1 /* Pods.release.xcconfig */,
			);
			name = Pods;
			sourceTree = "<group>";
		};
		68269A26D20288D015869CC7 /* Frameworks */ = {
			isa = PBXGroup;
			children = (
				E7E8A8C31A57992100ACB578 /* CoreLocation.framework */,
				11CEA696185053CEF054CA87 /* libPods.a */,
			);
			name = Frameworks;
			sourceTree = "<group>";
		};
		E71689C219F388ED008091A9 = {
			isa = PBXGroup;
			children = (
				E71689CD19F388ED008091A9 /* RecommendIt */,
				E71689E619F388ED008091A9 /* RecommendItTests */,
				E71689CC19F388ED008091A9 /* Products */,
				34250CC821A289ECF32BBEB4 /* Pods */,
				68269A26D20288D015869CC7 /* Frameworks */,
			);
			sourceTree = "<group>";
		};
		E71689CC19F388ED008091A9 /* Products */ = {
			isa = PBXGroup;
			children = (
				E71689CB19F388ED008091A9 /* RecommendIt.app */,
				E71689E319F388ED008091A9 /* RecommendItTests.xctest */,
			);
			name = Products;
			sourceTree = "<group>";
		};
		E71689CD19F388ED008091A9 /* RecommendIt */ = {
			isa = PBXGroup;
			children = (
				E71689D019F388ED008091A9 /* AppDelegate.swift */,
				E75103A11A31760300F230B5 /* API */,
				E751039F1A3175AE00F230B5 /* Models */,
				E75103A01A3175E600F230B5 /* Controllers */,
				E71689D719F388ED008091A9 /* Main.storyboard */,
				E7B0E6361A3A3FE800D28643 /* LocationCell.xib */,
				E71689DA19F388ED008091A9 /* Images.xcassets */,
				E71689DC19F388ED008091A9 /* LaunchScreen.xib */,
				E71689D219F388ED008091A9 /* RecommendIt.xcdatamodeld */,
				E71689CE19F388ED008091A9 /* Supporting Files */,
			);
			path = RecommendIt;
			sourceTree = "<group>";
		};
		E71689CE19F388ED008091A9 /* Supporting Files */ = {
			isa = PBXGroup;
			children = (
				E71689CF19F388ED008091A9 /* Info.plist */,
				E75103961A31539100F230B5 /* RecommendIt-Bridging-Header.h */,
			);
			name = "Supporting Files";
			sourceTree = "<group>";
		};
		E71689E619F388ED008091A9 /* RecommendItTests */ = {
			isa = PBXGroup;
			children = (
				E71689E919F388ED008091A9 /* RecommendItTests.swift */,
				E71689E719F388ED008091A9 /* Supporting Files */,
			);
			path = RecommendItTests;
			sourceTree = "<group>";
		};
		E71689E719F388ED008091A9 /* Supporting Files */ = {
			isa = PBXGroup;
			children = (
				E71689E819F388ED008091A9 /* Info.plist */,
			);
			name = "Supporting Files";
			sourceTree = "<group>";
		};
		E751039F1A3175AE00F230B5 /* Models */ = {
			isa = PBXGroup;
			children = (
				E7939C0C19F395AC000BAD75 /* LocationModel.swift */,
				E7939C0819F392C1000BAD75 /* LocationCell.swift */,
				E751039D1A31752C00F230B5 /* YelpBusinessModel.swift */,
			);
			name = Models;
			sourceTree = "<group>";
		};
		E75103A01A3175E600F230B5 /* Controllers */ = {
			isa = PBXGroup;
			children = (
				E72E4E831A352E330082C5C5 /* AddNewViewController.swift */,
				E74992C419F4CACD0076E999 /* SelectLocationViewController.swift */,
				E74992C619F4DA680076E999 /* EditViewController.swift */,
				E78623211A37A604001EE40D /* StreamCollectionViewController.swift */,
				E74875AE1A83054400813D9E /* SettingsViewController.swift */,
			);
			name = Controllers;
			sourceTree = "<group>";
		};
		E75103A11A31760300F230B5 /* API */ = {
			isa = PBXGroup;
			children = (
				E75103991A31542200F230B5 /* Yelp.swift */,
			);
			name = API;
			sourceTree = "<group>";
		};
/* End PBXGroup section */

/* Begin PBXNativeTarget section */
		E71689CA19F388ED008091A9 /* RecommendIt */ = {
			isa = PBXNativeTarget;
			buildConfigurationList = E71689ED19F388ED008091A9 /* Build configuration list for PBXNativeTarget "RecommendIt" */;
			buildPhases = (
				67E4634F29F1413E672033A6 /* Check Pods Manifest.lock */,
				E71689C719F388ED008091A9 /* Sources */,
				E71689C819F388ED008091A9 /* Frameworks */,
				E71689C919F388ED008091A9 /* Resources */,
				664DC612155394C4440754EB /* Copy Pods Resources */,
			);
			buildRules = (
			);
			dependencies = (
			);
			name = RecommendIt;
			productName = RecommendIt;
			productReference = E71689CB19F388ED008091A9 /* RecommendIt.app */;
			productType = "com.apple.product-type.application";
		};
		E71689E219F388ED008091A9 /* RecommendItTests */ = {
			isa = PBXNativeTarget;
			buildConfigurationList = E71689F019F388ED008091A9 /* Build configuration list for PBXNativeTarget "RecommendItTests" */;
			buildPhases = (
				E71689DF19F388ED008091A9 /* Sources */,
				E71689E019F388ED008091A9 /* Frameworks */,
				E71689E119F388ED008091A9 /* Resources */,
			);
			buildRules = (
			);
			dependencies = (
				E71689E519F388ED008091A9 /* PBXTargetDependency */,
			);
			name = RecommendItTests;
			productName = RecommendItTests;
			productReference = E71689E319F388ED008091A9 /* RecommendItTests.xctest */;
			productType = "com.apple.product-type.bundle.unit-test";
		};
/* End PBXNativeTarget section */

/* Begin PBXProject section */
		E71689C319F388ED008091A9 /* Project object */ = {
			isa = PBXProject;
			attributes = {
				LastUpgradeCheck = 0600;
				ORGANIZATIONNAME = "Derrick Showers";
				TargetAttributes = {
					E71689CA19F388ED008091A9 = {
						CreatedOnToolsVersion = 6.0.1;
						DevelopmentTeam = DJPFLH48H5;
					};
					E71689E219F388ED008091A9 = {
						CreatedOnToolsVersion = 6.0.1;
						DevelopmentTeam = DJPFLH48H5;
						TestTargetID = E71689CA19F388ED008091A9;
					};
				};
			};
			buildConfigurationList = E71689C619F388ED008091A9 /* Build configuration list for PBXProject "RecommendIt" */;
			compatibilityVersion = "Xcode 3.2";
			developmentRegion = English;
			hasScannedForEncodings = 0;
			knownRegions = (
				en,
				Base,
			);
			mainGroup = E71689C219F388ED008091A9;
			productRefGroup = E71689CC19F388ED008091A9 /* Products */;
			projectDirPath = "";
			projectRoot = "";
			targets = (
				E71689CA19F388ED008091A9 /* RecommendIt */,
				E71689E219F388ED008091A9 /* RecommendItTests */,
			);
		};
/* End PBXProject section */

/* Begin PBXResourcesBuildPhase section */
		E71689C919F388ED008091A9 /* Resources */ = {
			isa = PBXResourcesBuildPhase;
			buildActionMask = 2147483647;
			files = (
				E71689D919F388ED008091A9 /* Main.storyboard in Resources */,
				E71689DE19F388ED008091A9 /* LaunchScreen.xib in Resources */,
				E7B0E6371A3A3FE800D28643 /* LocationCell.xib in Resources */,
				E71689DB19F388ED008091A9 /* Images.xcassets in Resources */,
			);
			runOnlyForDeploymentPostprocessing = 0;
		};
		E71689E119F388ED008091A9 /* Resources */ = {
			isa = PBXResourcesBuildPhase;
			buildActionMask = 2147483647;
			files = (
			);
			runOnlyForDeploymentPostprocessing = 0;
		};
/* End PBXResourcesBuildPhase section */

/* Begin PBXShellScriptBuildPhase section */
		664DC612155394C4440754EB /* Copy Pods Resources */ = {
			isa = PBXShellScriptBuildPhase;
			buildActionMask = 2147483647;
			files = (
			);
			inputPaths = (
			);
			name = "Copy Pods Resources";
			outputPaths = (
			);
			runOnlyForDeploymentPostprocessing = 0;
			shellPath = /bin/sh;
			shellScript = "\"${SRCROOT}/Pods/Target Support Files/Pods/Pods-resources.sh\"\n";
			showEnvVarsInLog = 0;
		};
		67E4634F29F1413E672033A6 /* Check Pods Manifest.lock */ = {
			isa = PBXShellScriptBuildPhase;
			buildActionMask = 2147483647;
			files = (
			);
			inputPaths = (
			);
			name = "Check Pods Manifest.lock";
			outputPaths = (
			);
			runOnlyForDeploymentPostprocessing = 0;
			shellPath = /bin/sh;
			shellScript = "diff \"${PODS_ROOT}/../Podfile.lock\" \"${PODS_ROOT}/Manifest.lock\" > /dev/null\nif [[ $? != 0 ]] ; then\n    cat << EOM\nerror: The sandbox is not in sync with the Podfile.lock. Run 'pod install' or update your CocoaPods installation.\nEOM\n    exit 1\nfi\n";
			showEnvVarsInLog = 0;
		};
/* End PBXShellScriptBuildPhase section */

/* Begin PBXSourcesBuildPhase section */
		E71689C719F388ED008091A9 /* Sources */ = {
			isa = PBXSourcesBuildPhase;
			buildActionMask = 2147483647;
			files = (
				E74992C519F4CACD0076E999 /* SelectLocationViewController.swift in Sources */,
				E78623221A37A604001EE40D /* StreamCollectionViewController.swift in Sources */,
				E74875AF1A83054400813D9E /* SettingsViewController.swift in Sources */,
				E71689D119F388ED008091A9 /* AppDelegate.swift in Sources */,
				E7939C0919F392C1000BAD75 /* LocationCell.swift in Sources */,
				E7939C0D19F395AC000BAD75 /* LocationModel.swift in Sources */,
				E72E4E841A352E330082C5C5 /* AddNewViewController.swift in Sources */,
				E71689D419F388ED008091A9 /* RecommendIt.xcdatamodeld in Sources */,
				E751039E1A31752C00F230B5 /* YelpBusinessModel.swift in Sources */,
				E74992C719F4DA680076E999 /* EditViewController.swift in Sources */,
				E751039A1A31542200F230B5 /* Yelp.swift in Sources */,
			);
			runOnlyForDeploymentPostprocessing = 0;
		};
		E71689DF19F388ED008091A9 /* Sources */ = {
			isa = PBXSourcesBuildPhase;
			buildActionMask = 2147483647;
			files = (
				E71689EA19F388ED008091A9 /* RecommendItTests.swift in Sources */,
			);
			runOnlyForDeploymentPostprocessing = 0;
		};
/* End PBXSourcesBuildPhase section */

/* Begin PBXTargetDependency section */
		E71689E519F388ED008091A9 /* PBXTargetDependency */ = {
			isa = PBXTargetDependency;
			target = E71689CA19F388ED008091A9 /* RecommendIt */;
			targetProxy = E71689E419F388ED008091A9 /* PBXContainerItemProxy */;
		};
/* End PBXTargetDependency section */

/* Begin PBXVariantGroup section */
		E71689D719F388ED008091A9 /* Main.storyboard */ = {
			isa = PBXVariantGroup;
			children = (
				E71689D819F388ED008091A9 /* Base */,
			);
			name = Main.storyboard;
			sourceTree = "<group>";
		};
		E71689DC19F388ED008091A9 /* LaunchScreen.xib */ = {
			isa = PBXVariantGroup;
			children = (
				E71689DD19F388ED008091A9 /* Base */,
			);
			name = LaunchScreen.xib;
			sourceTree = "<group>";
		};
/* End PBXVariantGroup section */

/* Begin XCBuildConfiguration section */
		E71689EB19F388ED008091A9 /* Debug */ = {
			isa = XCBuildConfiguration;
			buildSettings = {
				ALWAYS_SEARCH_USER_PATHS = NO;
				CLANG_CXX_LANGUAGE_STANDARD = "gnu++0x";
				CLANG_CXX_LIBRARY = "libc++";
				CLANG_ENABLE_MODULES = YES;
				CLANG_ENABLE_OBJC_ARC = YES;
				CLANG_WARN_BOOL_CONVERSION = YES;
				CLANG_WARN_CONSTANT_CONVERSION = YES;
				CLANG_WARN_DIRECT_OBJC_ISA_USAGE = YES_ERROR;
				CLANG_WARN_EMPTY_BODY = YES;
				CLANG_WARN_ENUM_CONVERSION = YES;
				CLANG_WARN_INT_CONVERSION = YES;
				CLANG_WARN_OBJC_ROOT_CLASS = YES_ERROR;
				CLANG_WARN_UNREACHABLE_CODE = YES;
				CLANG_WARN__DUPLICATE_METHOD_MATCH = YES;
				"CODE_SIGN_IDENTITY[sdk=iphoneos*]" = "iPhone Developer";
				COPY_PHASE_STRIP = NO;
				ENABLE_STRICT_OBJC_MSGSEND = YES;
				GCC_C_LANGUAGE_STANDARD = gnu99;
				GCC_DYNAMIC_NO_PIC = NO;
				GCC_OPTIMIZATION_LEVEL = 0;
				GCC_PREPROCESSOR_DEFINITIONS = (
					"DEBUG=1",
					"$(inherited)",
				);
				GCC_SYMBOLS_PRIVATE_EXTERN = NO;
				GCC_WARN_64_TO_32_BIT_CONVERSION = YES;
				GCC_WARN_ABOUT_RETURN_TYPE = YES_ERROR;
				GCC_WARN_UNDECLARED_SELECTOR = YES;
				GCC_WARN_UNINITIALIZED_AUTOS = YES_AGGRESSIVE;
				GCC_WARN_UNUSED_FUNCTION = YES;
				GCC_WARN_UNUSED_VARIABLE = YES;
				IPHONEOS_DEPLOYMENT_TARGET = 8.0;
				MTL_ENABLE_DEBUG_INFO = YES;
				ONLY_ACTIVE_ARCH = YES;
				SDKROOT = iphoneos;
				SWIFT_OPTIMIZATION_LEVEL = "-Onone";
			};
			name = Debug;
		};
		E71689EC19F388ED008091A9 /* Release */ = {
			isa = XCBuildConfiguration;
			buildSettings = {
				ALWAYS_SEARCH_USER_PATHS = NO;
				CLANG_CXX_LANGUAGE_STANDARD = "gnu++0x";
				CLANG_CXX_LIBRARY = "libc++";
				CLANG_ENABLE_MODULES = YES;
				CLANG_ENABLE_OBJC_ARC = YES;
				CLANG_WARN_BOOL_CONVERSION = YES;
				CLANG_WARN_CONSTANT_CONVERSION = YES;
				CLANG_WARN_DIRECT_OBJC_ISA_USAGE = YES_ERROR;
				CLANG_WARN_EMPTY_BODY = YES;
				CLANG_WARN_ENUM_CONVERSION = YES;
				CLANG_WARN_INT_CONVERSION = YES;
				CLANG_WARN_OBJC_ROOT_CLASS = YES_ERROR;
				CLANG_WARN_UNREACHABLE_CODE = YES;
				CLANG_WARN__DUPLICATE_METHOD_MATCH = YES;
				"CODE_SIGN_IDENTITY[sdk=iphoneos*]" = "iPhone Developer";
				COPY_PHASE_STRIP = YES;
				ENABLE_NS_ASSERTIONS = NO;
				ENABLE_STRICT_OBJC_MSGSEND = YES;
				GCC_C_LANGUAGE_STANDARD = gnu99;
				GCC_WARN_64_TO_32_BIT_CONVERSION = YES;
				GCC_WARN_ABOUT_RETURN_TYPE = YES_ERROR;
				GCC_WARN_UNDECLARED_SELECTOR = YES;
				GCC_WARN_UNINITIALIZED_AUTOS = YES_AGGRESSIVE;
				GCC_WARN_UNUSED_FUNCTION = YES;
				GCC_WARN_UNUSED_VARIABLE = YES;
				IPHONEOS_DEPLOYMENT_TARGET = 8.0;
				MTL_ENABLE_DEBUG_INFO = NO;
				SDKROOT = iphoneos;
				VALIDATE_PRODUCT = YES;
			};
			name = Release;
		};
		E71689EE19F388ED008091A9 /* Debug */ = {
			isa = XCBuildConfiguration;
			baseConfigurationReference = 8BD6A88241C10EA0608C3287 /* Pods.debug.xcconfig */;
			buildSettings = {
				ASSETCATALOG_COMPILER_APPICON_NAME = AppIcon;
				CLANG_ENABLE_MODULES = YES;
				CODE_SIGN_IDENTITY = "iPhone Developer";
				"CODE_SIGN_IDENTITY[sdk=iphoneos*]" = "iPhone Developer";
				INFOPLIST_FILE = RecommendIt/Info.plist;
				IPHONEOS_DEPLOYMENT_TARGET = 8.0;
				LD_RUNPATH_SEARCH_PATHS = "$(inherited) @executable_path/Frameworks";
				PRODUCT_NAME = "$(TARGET_NAME)";
				PROVISIONING_PROFILE = "";
				SWIFT_OBJC_BRIDGING_HEADER = "RecommendIt/RecommendIt-Bridging-Header.h";
				SWIFT_OPTIMIZATION_LEVEL = "-Onone";
			};
			name = Debug;
		};
		E71689EF19F388ED008091A9 /* Release */ = {
			isa = XCBuildConfiguration;
			baseConfigurationReference = E4FFB717ED5B8A91B7505DC1 /* Pods.release.xcconfig */;
			buildSettings = {
				ASSETCATALOG_COMPILER_APPICON_NAME = AppIcon;
				CLANG_ENABLE_MODULES = YES;
				CODE_SIGN_IDENTITY = "iPhone Developer";
				"CODE_SIGN_IDENTITY[sdk=iphoneos*]" = "iPhone Developer";
				INFOPLIST_FILE = RecommendIt/Info.plist;
				IPHONEOS_DEPLOYMENT_TARGET = 8.0;
				LD_RUNPATH_SEARCH_PATHS = "$(inherited) @executable_path/Frameworks";
				PRODUCT_NAME = "$(TARGET_NAME)";
				PROVISIONING_PROFILE = "";
				SWIFT_OBJC_BRIDGING_HEADER = "RecommendIt/RecommendIt-Bridging-Header.h";
			};
			name = Release;
		};
		E71689F119F388ED008091A9 /* Debug */ = {
			isa = XCBuildConfiguration;
			buildSettings = {
				BUNDLE_LOADER = "$(TEST_HOST)";
				CODE_SIGN_IDENTITY = "iPhone Developer";
				"CODE_SIGN_IDENTITY[sdk=iphoneos*]" = "iPhone Developer";
				FRAMEWORK_SEARCH_PATHS = (
					"$(SDKROOT)/Developer/Library/Frameworks",
					"$(inherited)",
				);
				GCC_PREPROCESSOR_DEFINITIONS = (
					"DEBUG=1",
					"$(inherited)",
				);
				INFOPLIST_FILE = RecommendItTests/Info.plist;
				LD_RUNPATH_SEARCH_PATHS = "$(inherited) @executable_path/Frameworks @loader_path/Frameworks";
				PRODUCT_NAME = "$(TARGET_NAME)";
				PROVISIONING_PROFILE = "";
				TEST_HOST = "$(BUILT_PRODUCTS_DIR)/RecommendIt.app/RecommendIt";
			};
			name = Debug;
		};
		E71689F219F388ED008091A9 /* Release */ = {
			isa = XCBuildConfiguration;
			buildSettings = {
				BUNDLE_LOADER = "$(TEST_HOST)";
				CODE_SIGN_IDENTITY = "iPhone Developer";
				"CODE_SIGN_IDENTITY[sdk=iphoneos*]" = "iPhone Developer";
				FRAMEWORK_SEARCH_PATHS = (
					"$(SDKROOT)/Developer/Library/Frameworks",
					"$(inherited)",
				);
				INFOPLIST_FILE = RecommendItTests/Info.plist;
				LD_RUNPATH_SEARCH_PATHS = "$(inherited) @executable_path/Frameworks @loader_path/Frameworks";
				PRODUCT_NAME = "$(TARGET_NAME)";
				PROVISIONING_PROFILE = "";
				TEST_HOST = "$(BUILT_PRODUCTS_DIR)/RecommendIt.app/RecommendIt";
			};
			name = Release;
		};
/* End XCBuildConfiguration section */

/* Begin XCConfigurationList section */
		E71689C619F388ED008091A9 /* Build configuration list for PBXProject "RecommendIt" */ = {
			isa = XCConfigurationList;
			buildConfigurations = (
				E71689EB19F388ED008091A9 /* Debug */,
				E71689EC19F388ED008091A9 /* Release */,
			);
			defaultConfigurationIsVisible = 0;
			defaultConfigurationName = Release;
		};
		E71689ED19F388ED008091A9 /* Build configuration list for PBXNativeTarget "RecommendIt" */ = {
			isa = XCConfigurationList;
			buildConfigurations = (
				E71689EE19F388ED008091A9 /* Debug */,
				E71689EF19F388ED008091A9 /* Release */,
			);
			defaultConfigurationIsVisible = 0;
			defaultConfigurationName = Release;
		};
		E71689F019F388ED008091A9 /* Build configuration list for PBXNativeTarget "RecommendItTests" */ = {
			isa = XCConfigurationList;
			buildConfigurations = (
				E71689F119F388ED008091A9 /* Debug */,
				E71689F219F388ED008091A9 /* Release */,
			);
			defaultConfigurationIsVisible = 0;
			defaultConfigurationName = Release;
		};
/* End XCConfigurationList section */

/* Begin XCVersionGroup section */
		E71689D219F388ED008091A9 /* RecommendIt.xcdatamodeld */ = {
			isa = XCVersionGroup;
			children = (
				E71689D319F388ED008091A9 /* RecommendIt.xcdatamodel */,
			);
			currentVersion = E71689D319F388ED008091A9 /* RecommendIt.xcdatamodel */;
			path = RecommendIt.xcdatamodeld;
			sourceTree = "<group>";
			versionGroupType = wrapper.xcdatamodel;
		};
/* End XCVersionGroup section */
	};
	rootObject = E71689C319F388ED008091A9 /* Project object */;
}
